
Microsoft Visual Studio Solution File, Format Version 12.00
# Visual Studio Version 17
VisualStudioVersion = 17.10.35013.160
MinimumVisualStudioVersion = 10.0.40219.1
Project("{9A19103F-16F7-4668-BE54-9A1E7A4F7556}") = "ChoCin.Server", "ChoCin.Server\ChoCin.Server.csproj", "{383F4574-C017-48C7-8D26-91C2D9262F91}"
EndProject
Project("{54A90642-561A-4BB1-A94E-469ADEE60C69}") = "chocin.client", "chocin.client\chocin.client.esproj", "{2060D2AB-A542-4A83-BC65-E6A28AEC40C2}"
EndProject
Project("{9A19103F-16F7-4668-BE54-9A1E7A4F7556}") = "ChoCin.Entities", "ChoCin.Entities\ChoCin.Entities.csproj", "{BB0031E1-AB60-46FA-BBA0-44F09DBCEC3A}"
EndProject
Project("{9A19103F-16F7-4668-BE54-9A1E7A4F7556}") = "ChoCin.ApiClientGenerator", "ChoCIn.ApiClientGenerator\ChoCin.ApiClientGenerator.csproj", "{417E46D4-57A1-48C7-9563-AC10A380CC50}"
EndProject
Global
	GlobalSection(SolutionConfigurationPlatforms) = preSolution
		Debug|Any CPU = Debug|Any CPU
		Release|Any CPU = Release|Any CPU
	EndGlobalSection
	GlobalSection(ProjectConfigurationPlatforms) = postSolution
		{383F4574-C017-48C7-8D26-91C2D9262F91}.Debug|Any CPU.ActiveCfg = Debug|Any CPU
		{383F4574-C017-48C7-8D26-91C2D9262F91}.Debug|Any CPU.Build.0 = Debug|Any CPU
		{383F4574-C017-48C7-8D26-91C2D9262F91}.Release|Any CPU.ActiveCfg = Release|Any CPU
		{383F4574-C017-48C7-8D26-91C2D9262F91}.Release|Any CPU.Build.0 = Release|Any CPU
		{2060D2AB-A542-4A83-BC65-E6A28AEC40C2}.Debug|Any CPU.ActiveCfg = Debug|Any CPU
		{2060D2AB-A542-4A83-BC65-E6A28AEC40C2}.Debug|Any CPU.Build.0 = Debug|Any CPU
		{2060D2AB-A542-4A83-BC65-E6A28AEC40C2}.Debug|Any CPU.Deploy.0 = Debug|Any CPU
		{2060D2AB-A542-4A83-BC65-E6A28AEC40C2}.Release|Any CPU.ActiveCfg = Release|Any CPU
		{2060D2AB-A542-4A83-BC65-E6A28AEC40C2}.Release|Any CPU.Build.0 = Release|Any CPU
		{2060D2AB-A542-4A83-BC65-E6A28AEC40C2}.Release|Any CPU.Deploy.0 = Release|Any CPU
		{BB0031E1-AB60-46FA-BBA0-44F09DBCEC3A}.Debug|Any CPU.ActiveCfg = Debug|Any CPU
		{BB0031E1-AB60-46FA-BBA0-44F09DBCEC3A}.Debug|Any CPU.Build.0 = Debug|Any CPU
		{BB0031E1-AB60-46FA-BBA0-44F09DBCEC3A}.Release|Any CPU.ActiveCfg = Release|Any CPU
		{BB0031E1-AB60-46FA-BBA0-44F09DBCEC3A}.Release|Any CPU.Build.0 = Release|Any CPU
		{417E46D4-57A1-48C7-9563-AC10A380CC50}.Debug|Any CPU.ActiveCfg = Debug|Any CPU
		{417E46D4-57A1-48C7-9563-AC10A380CC50}.Debug|Any CPU.Build.0 = Debug|Any CPU
		{417E46D4-57A1-48C7-9563-AC10A380CC50}.Release|Any CPU.ActiveCfg = Release|Any CPU
		{417E46D4-57A1-48C7-9563-AC10A380CC50}.Release|Any CPU.Build.0 = Release|Any CPU
	EndGlobalSection
	GlobalSection(SolutionProperties) = preSolution
		HideSolutionNode = FALSE
	EndGlobalSection
	GlobalSection(ExtensibilityGlobals) = postSolution
		SolutionGuid = {BA3BECF4-24A4-43BA-9F0A-1D8A1DDDA04E}
	EndGlobalSection
EndGlobal
